
Microsoft Visual Studio Solution File, Format Version 12.00
# Visual Studio Version 17
VisualStudioVersion = 17.5.002.0
MinimumVisualStudioVersion = 10.0.40219.1
Project("{9A19103F-16F7-4668-BE54-9A1E7A4F7556}") = "Exercício_4", "Exercício_4.csproj", "{B272B141-9EAA-4336-96BC-018944AA51FD}"
EndProject
Global
	GlobalSection(SolutionConfigurationPlatforms) = preSolution
		Debug|Any CPU = Debug|Any CPU
		Release|Any CPU = Release|Any CPU
	EndGlobalSection
	GlobalSection(ProjectConfigurationPlatforms) = postSolution
		{B272B141-9EAA-4336-96BC-018944AA51FD}.Debug|Any CPU.ActiveCfg = Debug|Any CPU
		{B272B141-9EAA-4336-96BC-018944AA51FD}.Debug|Any CPU.Build.0 = Debug|Any CPU
		{B272B141-9EAA-4336-96BC-018944AA51FD}.Release|Any CPU.ActiveCfg = Release|Any CPU
		{B272B141-9EAA-4336-96BC-018944AA51FD}.Release|Any CPU.Build.0 = Release|Any CPU
	EndGlobalSection
	GlobalSection(SolutionProperties) = preSolution
		HideSolutionNode = FALSE
	EndGlobalSection
	GlobalSection(ExtensibilityGlobals) = postSolution
		SolutionGuid = {E6C19EDF-623C-427D-B45E-5649D419BCAF}
	EndGlobalSection
EndGlobal
