
Microsoft Visual Studio Solution File, Format Version 12.00
# Visual Studio Version 17
VisualStudioVersion = 17.5.002.0
MinimumVisualStudioVersion = 10.0.40219.1
Project("{9A19103F-16F7-4668-BE54-9A1E7A4F7556}") = "Exercício_17", "Exercício_17.csproj", "{0B31A393-3D10-4DA4-A062-7F03B0918E51}"
EndProject
Global
	GlobalSection(SolutionConfigurationPlatforms) = preSolution
		Debug|Any CPU = Debug|Any CPU
		Release|Any CPU = Release|Any CPU
	EndGlobalSection
	GlobalSection(ProjectConfigurationPlatforms) = postSolution
		{0B31A393-3D10-4DA4-A062-7F03B0918E51}.Debug|Any CPU.ActiveCfg = Debug|Any CPU
		{0B31A393-3D10-4DA4-A062-7F03B0918E51}.Debug|Any CPU.Build.0 = Debug|Any CPU
		{0B31A393-3D10-4DA4-A062-7F03B0918E51}.Release|Any CPU.ActiveCfg = Release|Any CPU
		{0B31A393-3D10-4DA4-A062-7F03B0918E51}.Release|Any CPU.Build.0 = Release|Any CPU
	EndGlobalSection
	GlobalSection(SolutionProperties) = preSolution
		HideSolutionNode = FALSE
	EndGlobalSection
	GlobalSection(ExtensibilityGlobals) = postSolution
		SolutionGuid = {9929DD3F-63C1-4BE8-AEF2-B2EF85A36DF0}
	EndGlobalSection
EndGlobal
